
Microsoft Visual Studio Solution File, Format Version 12.00
# Visual Studio Version 17
VisualStudioVersion = 17.9.34728.123
MinimumVisualStudioVersion = 10.0.40219.1
Project("{D2ABAB84-BF74-430A-B69E-9DC6D40DDA17}") = "CharacarrillasCube", "CharacarrillasCube\CharacarrillasCube.dwproj", "{46C6E152-FE6C-4014-AD39-F24C9508392E}"
EndProject
Global
	GlobalSection(SolutionConfigurationPlatforms) = preSolution
		Development|Default = Development|Default
	EndGlobalSection
	GlobalSection(ProjectConfigurationPlatforms) = postSolution
		{46C6E152-FE6C-4014-AD39-F24C9508392E}.Development|Default.ActiveCfg = Development
		{46C6E152-FE6C-4014-AD39-F24C9508392E}.Development|Default.Build.0 = Development
		{46C6E152-FE6C-4014-AD39-F24C9508392E}.Development|Default.Deploy.0 = Development
	EndGlobalSection
	GlobalSection(SolutionProperties) = preSolution
		HideSolutionNode = FALSE
	EndGlobalSection
	GlobalSection(ExtensibilityGlobals) = postSolution
		SolutionGuid = {FC9490A0-4F37-4672-9A77-A7FFD13B4DD7}
	EndGlobalSection
EndGlobal
